
Microsoft Visual Studio Solution File, Format Version 12.00
# Visual Studio Version 16
VisualStudioVersion = 16.0.34114.132
MinimumVisualStudioVersion = 10.0.40219.1
Project("{FAE04EC0-301F-11D3-BF4B-00C04F79EFBC}") = "Customer", "Customer\Customer.csproj", "{2D6AF267-773B-4D2B-80CF-2EBFE55B0FD9}"
EndProject
Global
	GlobalSection(SolutionConfigurationPlatforms) = preSolution
		Debug|Any CPU = Debug|Any CPU
		Release|Any CPU = Release|Any CPU
	EndGlobalSection
	GlobalSection(ProjectConfigurationPlatforms) = postSolution
		{2D6AF267-773B-4D2B-80CF-2EBFE55B0FD9}.Debug|Any CPU.ActiveCfg = Debug|Any CPU
		{2D6AF267-773B-4D2B-80CF-2EBFE55B0FD9}.Debug|Any CPU.Build.0 = Debug|Any CPU
		{2D6AF267-773B-4D2B-80CF-2EBFE55B0FD9}.Release|Any CPU.ActiveCfg = Release|Any CPU
		{2D6AF267-773B-4D2B-80CF-2EBFE55B0FD9}.Release|Any CPU.Build.0 = Release|Any CPU
	EndGlobalSection
	GlobalSection(SolutionProperties) = preSolution
		HideSolutionNode = FALSE
	EndGlobalSection
	GlobalSection(ExtensibilityGlobals) = postSolution
		SolutionGuid = {4701D312-04BD-4B39-AD79-CCF42A5C3CF1}
	EndGlobalSection
EndGlobal
